
Microsoft Visual Studio Solution File, Format Version 12.00
# Visual Studio Version 16
VisualStudioVersion = 16.0.30621.155
MinimumVisualStudioVersion = 10.0.40219.1
Project("{FAE04EC0-301F-11D3-BF4B-00C04F79EFBC}") = "SampleProject", "SampleProject\SampleProject.csproj", "{72D29E92-0127-4DAA-995C-C5188B4738B6}"
EndProject
Global
	GlobalSection(SolutionConfigurationPlatforms) = preSolution
		Debug|Any CPU = Debug|Any CPU
		Release|Any CPU = Release|Any CPU
	EndGlobalSection
	GlobalSection(ProjectConfigurationPlatforms) = postSolution
		{72D29E92-0127-4DAA-995C-C5188B4738B6}.Debug|Any CPU.ActiveCfg = Debug|Any CPU
		{72D29E92-0127-4DAA-995C-C5188B4738B6}.Debug|Any CPU.Build.0 = Debug|Any CPU
		{72D29E92-0127-4DAA-995C-C5188B4738B6}.Release|Any CPU.ActiveCfg = Release|Any CPU
		{72D29E92-0127-4DAA-995C-C5188B4738B6}.Release|Any CPU.Build.0 = Release|Any CPU
	EndGlobalSection
	GlobalSection(SolutionProperties) = preSolution
		HideSolutionNode = FALSE
	EndGlobalSection
	GlobalSection(ExtensibilityGlobals) = postSolution
		SolutionGuid = {6970F363-FA75-426B-84C5-8E266BEB7D49}
	EndGlobalSection
EndGlobal
